<Solution>
  <Folder Name="/Root Directory/">
    <File Path=".editorconfig"/>
    <File Path=".gitattributes"/>
    <File Path=".gitignore"/>
    <File Path="ChangeLog.md"/>
    <File Path="DecisionLog.md"/>
    <File Path="Directory.Build.props"/>
    <File Path="Directory.BuildServer.props"/>
    <File Path="Directory.Packages.props"/>
    <File Path="global.json"/>
    <File Path="ReadMe.md"/>
    <File Path="Solution.sln.DotSettings"/>
  </Folder>
  <Folder Name="/Standard Library/">
    <File Path="StandardLibrary/Directory.Build.props"/>
    <File Path="StandardLibrary/Directory.Packages.props"/>
    <Project Path="StandardLibrary/Sources/StandardLibrary/StandardLibrary.csproj"/>
    <Project Path="StandardLibrary/Tests/StandardLibraryTests/StandardLibraryTests.csproj"/>
  </Folder>
</Solution>
